// !$*UTF8*$!
{
	archiveVersion = 1;
	classes = {
	};
	objectVersion = 46;
	objects = {

/* Begin PBXBuildFile section */
		69EBBC9D1A939A2E00E9C5CC /* main.cpp in Sources */ = {isa = PBXBuildFile; fileRef = 69EBBC9C1A939A2E00E9C5CC /* main.cpp */; };
		69EBBCA41A939AA200E9C5CC /* SDL2.framework in Frameworks */ = {isa = PBXBuildFile; fileRef = 69EBBCA31A939AA200E9C5CC /* SDL2.framework */; };
/* End PBXBuildFile section */

/* Begin PBXCopyFilesBuildPhase section */
		69EBBC971A939A2E00E9C5CC /* CopyFiles */ = {
			isa = PBXCopyFilesBuildPhase;
			buildActionMask = 2147483647;
			dstPath = /usr/share/man/man1/;
			dstSubfolderSpec = 0;
			files = (
			);
			runOnlyForDeploymentPostprocessing = 1;
		};
/* End PBXCopyFilesBuildPhase section */

/* Begin PBXFileReference section */
		69EBBC991A939A2E00E9C5CC /* SDL_tutorial */ = {isa = PBXFileReference; explicitFileType = "compiled.mach-o.executable"; includeInIndex = 0; path = SDL_tutorial; sourceTree = BUILT_PRODUCTS_DIR; };
		69EBBC9C1A939A2E00E9C5CC /* main.cpp */ = {isa = PBXFileReference; lastKnownFileType = sourcecode.cpp.cpp; path = main.cpp; sourceTree = "<group>"; };
		69EBBCA31A939AA200E9C5CC /* SDL2.framework */ = {isa = PBXFileReference; lastKnownFileType = wrapper.framework; name = SDL2.framework; path = ../../../../../Library/Frameworks/SDL2.framework; sourceTree = "<group>"; };
/* End PBXFileReference section */

/* Begin PBXFrameworksBuildPhase section */
		69EBBC961A939A2E00E9C5CC /* Frameworks */ = {
			isa = PBXFrameworksBuildPhase;
			buildActionMask = 2147483647;
			files = (
				69EBBCA41A939AA200E9C5CC /* SDL2.framework in Frameworks */,
			);
			runOnlyForDeploymentPostprocessing = 0;
		};
/* End PBXFrameworksBuildPhase section */

/* Begin PBXGroup section */
		69EBBC901A939A2E00E9C5CC = {
			isa = PBXGroup;
			children = (
				69EBBCA31A939AA200E9C5CC /* SDL2.framework */,
				69EBBC9B1A939A2E00E9C5CC /* SDL_tutorial */,
				69EBBC9A1A939A2E00E9C5CC /* Products */,
			);
			sourceTree = "<group>";
		};
		69EBBC9A1A939A2E00E9C5CC /* Products */ = {
			isa = PBXGroup;
			children = (
				69EBBC991A939A2E00E9C5CC /* SDL_tutorial */,
			);
			name = Products;
			sourceTree = "<group>";
		};
		69EBBC9B1A939A2E00E9C5CC /* SDL_tutorial */ = {
			isa = PBXGroup;
			children = (
				69EBBC9C1A939A2E00E9C5CC /* main.cpp */,
			);
			path = SDL_tutorial;
			sourceTree = "<group>";
		};
/* End PBXGroup section */

/* Begin PBXNativeTarget section */
		69EBBC981A939A2E00E9C5CC /* SDL_tutorial */ = {
			isa = PBXNativeTarget;
			buildConfigurationList = 69EBBCA01A939A2E00E9C5CC /* Build configuration list for PBXNativeTarget "SDL_tutorial" */;
			buildPhases = (
				69EBBC951A939A2E00E9C5CC /* Sources */,
				69EBBC961A939A2E00E9C5CC /* Frameworks */,
				69EBBC971A939A2E00E9C5CC /* CopyFiles */,
			);
			buildRules = (
			);
			dependencies = (
			);
			name = SDL_tutorial;
			productName = SDL_tutorial;
			productReference = 69EBBC991A939A2E00E9C5CC /* SDL_tutorial */;
			productType = "com.apple.product-type.tool";
		};
/* End PBXNativeTarget section */

/* Begin PBXProject section */
		69EBBC911A939A2E00E9C5CC /* Project object */ = {
			isa = PBXProject;
			attributes = {
				LastUpgradeCheck = 0610;
				ORGANIZATIONNAME = "Bram Joris Grooten";
				TargetAttributes = {
					69EBBC981A939A2E00E9C5CC = {
						CreatedOnToolsVersion = 6.1.1;
					};
				};
			};
			buildConfigurationList = 69EBBC941A939A2E00E9C5CC /* Build configuration list for PBXProject "SDL_tutorial" */;
			compatibilityVersion = "Xcode 3.2";
			developmentRegion = English;
			hasScannedForEncodings = 0;
			knownRegions = (
				en,
			);
			mainGroup = 69EBBC901A939A2E00E9C5CC;
			productRefGroup = 69EBBC9A1A939A2E00E9C5CC /* Products */;
			projectDirPath = "";
			projectRoot = "";
			targets = (
				69EBBC981A939A2E00E9C5CC /* SDL_tutorial */,
			);
		};
/* End PBXProject section */

/* Begin PBXSourcesBuildPhase section */
		69EBBC951A939A2E00E9C5CC /* Sources */ = {
			isa = PBXSourcesBuildPhase;
			buildActionMask = 2147483647;
			files = (
				69EBBC9D1A939A2E00E9C5CC /* main.cpp in Sources */,
			);
			runOnlyForDeploymentPostprocessing = 0;
		};
/* End PBXSourcesBuildPhase section */

/* Begin XCBuildConfiguration section */
		69EBBC9E1A939A2E00E9C5CC /* Debug */ = {
			isa = XCBuildConfiguration;
			buildSettings = {
				ALWAYS_SEARCH_USER_PATHS = NO;
				CLANG_CXX_LANGUAGE_STANDARD = "gnu++0x";
				CLANG_CXX_LIBRARY = "libc++";
				CLANG_ENABLE_MODULES = YES;
				CLANG_ENABLE_OBJC_ARC = YES;
				CLANG_WARN_BOOL_CONVERSION = YES;
				CLANG_WARN_CONSTANT_CONVERSION = YES;
				CLANG_WARN_DIRECT_OBJC_ISA_USAGE = YES_ERROR;
				CLANG_WARN_EMPTY_BODY = YES;
				CLANG_WARN_ENUM_CONVERSION = YES;
				CLANG_WARN_INT_CONVERSION = YES;
				CLANG_WARN_OBJC_ROOT_CLASS = YES_ERROR;
				CLANG_WARN_UNREACHABLE_CODE = YES;
				CLANG_WARN__DUPLICATE_METHOD_MATCH = YES;
				COPY_PHASE_STRIP = NO;
				ENABLE_STRICT_OBJC_MSGSEND = YES;
				GCC_C_LANGUAGE_STANDARD = gnu99;
				GCC_DYNAMIC_NO_PIC = NO;
				GCC_OPTIMIZATION_LEVEL = 0;
				GCC_PREPROCESSOR_DEFINITIONS = (
					"DEBUG=1",
					"$(inherited)",
				);
				GCC_SYMBOLS_PRIVATE_EXTERN = NO;
				GCC_WARN_64_TO_32_BIT_CONVERSION = YES;
				GCC_WARN_ABOUT_RETURN_TYPE = YES_ERROR;
				GCC_WARN_UNDECLARED_SELECTOR = YES;
				GCC_WARN_UNINITIALIZED_AUTOS = YES_AGGRESSIVE;
				GCC_WARN_UNUSED_FUNCTION = YES;
				GCC_WARN_UNUSED_VARIABLE = YES;
				MACOSX_DEPLOYMENT_TARGET = 10.9;
				MTL_ENABLE_DEBUG_INFO = YES;
				ONLY_ACTIVE_ARCH = YES;
				SDKROOT = macosx;
			};
			name = Debug;
		};
		69EBBC9F1A939A2E00E9C5CC /* Release */ = {
			isa = XCBuildConfiguration;
			buildSettings = {
				ALWAYS_SEARCH_USER_PATHS = NO;
				CLANG_CXX_LANGUAGE_STANDARD = "gnu++0x";
				CLANG_CXX_LIBRARY = "libc++";
				CLANG_ENABLE_MODULES = YES;
				CLANG_ENABLE_OBJC_ARC = YES;
				CLANG_WARN_BOOL_CONVERSION = YES;
				CLANG_WARN_CONSTANT_CONVERSION = YES;
				CLANG_WARN_DIRECT_OBJC_ISA_USAGE = YES_ERROR;
				CLANG_WARN_EMPTY_BODY = YES;
				CLANG_WARN_ENUM_CONVERSION = YES;
				CLANG_WARN_INT_CONVERSION = YES;
				CLANG_WARN_OBJC_ROOT_CLASS = YES_ERROR;
				CLANG_WARN_UNREACHABLE_CODE = YES;
				CLANG_WARN__DUPLICATE_METHOD_MATCH = YES;
				COPY_PHASE_STRIP = YES;
				DEBUG_INFORMATION_FORMAT = "dwarf-with-dsym";
				ENABLE_NS_ASSERTIONS = NO;
				ENABLE_STRICT_OBJC_MSGSEND = YES;
				GCC_C_LANGUAGE_STANDARD = gnu99;
				GCC_WARN_64_TO_32_BIT_CONVERSION = YES;
				GCC_WARN_ABOUT_RETURN_TYPE = YES_ERROR;
				GCC_WARN_UNDECLARED_SELECTOR = YES;
				GCC_WARN_UNINITIALIZED_AUTOS = YES_AGGRESSIVE;
				GCC_WARN_UNUSED_FUNCTION = YES;
				GCC_WARN_UNUSED_VARIABLE = YES;
				MACOSX_DEPLOYMENT_TARGET = 10.9;
				MTL_ENABLE_DEBUG_INFO = NO;
				SDKROOT = macosx;
			};
			name = Release;
		};
		69EBBCA11A939A2E00E9C5CC /* Debug */ = {
			isa = XCBuildConfiguration;
			buildSettings = {
				FRAMEWORK_SEARCH_PATHS = (
					"$(inherited)",
					"$(LOCAL_LIBRARY_DIR)/Frameworks",
				);
				PRODUCT_NAME = "$(TARGET_NAME)";
			};
			name = Debug;
		};
		69EBBCA21A939A2E00E9C5CC /* Release */ = {
			isa = XCBuildConfiguration;
			buildSettings = {
				FRAMEWORK_SEARCH_PATHS = (
					"$(inherited)",
					"$(LOCAL_LIBRARY_DIR)/Frameworks",
				);
				PRODUCT_NAME = "$(TARGET_NAME)";
			};
			name = Release;
		};
/* End XCBuildConfiguration section */

/* Begin XCConfigurationList section */
		69EBBC941A939A2E00E9C5CC /* Build configuration list for PBXProject "SDL_tutorial" */ = {
			isa = XCConfigurationList;
			buildConfigurations = (
				69EBBC9E1A939A2E00E9C5CC /* Debug */,
				69EBBC9F1A939A2E00E9C5CC /* Release */,
			);
			defaultConfigurationIsVisible = 0;
			defaultConfigurationName = Release;
		};
		69EBBCA01A939A2E00E9C5CC /* Build configuration list for PBXNativeTarget "SDL_tutorial" */ = {
			isa = XCConfigurationList;
			buildConfigurations = (
				69EBBCA11A939A2E00E9C5CC /* Debug */,
				69EBBCA21A939A2E00E9C5CC /* Release */,
			);
			defaultConfigurationIsVisible = 0;
		};
/* End XCConfigurationList section */
	};
	rootObject = 69EBBC911A939A2E00E9C5CC /* Project object */;
}
